# THIS IS AN AUTOGENERATED FILE. DO NOT EDIT THIS FILE DIRECTLY.
# yarn lockfile v1


justwatch-api@^1.0.7:
  version "1.0.7"
  resolved "https://registry.yarnpkg.com/justwatch-api/-/justwatch-api-1.0.7.tgz#4573436b3ae86c1ce4a089e6e153898ae0e4e569"
  integrity sha512-Tg3aP6jSzUv7UMQKVmDi/MnXzUr6/DzNWfOmoi7UEQPQu/roLMaaG+xY9erP1afcTRzZW6p8mgvOdWi8Ifj8xQ==
